
Microsoft Visual Studio Solution File, Format Version 12.00
# Visual Studio Version 17
VisualStudioVersion = 17.8.34330.188
MinimumVisualStudioVersion = 10.0.40219.1
Project("{9A19103F-16F7-4668-BE54-9A1E7A4F7556}") = "StudyingCharp", "StudyingCharp\StudyingCharp.csproj", "{9EA32FEC-3FBD-4A76-914B-702907004CBE}"
EndProject
Project("{2150E333-8FDC-42A3-9474-1A3956D46DE8}") = "DataStructure", "DataStructure", "{D4DC0A67-19C4-4DB2-BB8D-60C81D6945B0}"
	ProjectSection(SolutionItems) = preProject
		DataStructure.txt = DataStructure.txt
	EndProjectSection
EndProject
Project("{9A19103F-16F7-4668-BE54-9A1E7A4F7556}") = "01. List", "01.List\01. List.csproj", "{4D3FB4FC-C374-4F4A-B0AD-56274440066E}"
EndProject
Project("{9A19103F-16F7-4668-BE54-9A1E7A4F7556}") = "00. ETC", "00.ETC\00. ETC.csproj", "{E58C9FAF-4518-497B-AC3E-7ACC627A4920}"
EndProject
Project("{9A19103F-16F7-4668-BE54-9A1E7A4F7556}") = "02. LinkedList", "02.LinkedList\02. LinkedList.csproj", "{9BDBE478-84DF-4931-94CE-D339A19B6DF2}"
EndProject
Project("{2150E333-8FDC-42A3-9474-1A3956D46DE8}") = "Programming", "Programming", "{04346432-7B92-4D09-BB05-18B47075D828}"
	ProjectSection(SolutionItems) = preProject
		Programming.txt = Programming.txt
	EndProjectSection
EndProject
Project("{9A19103F-16F7-4668-BE54-9A1E7A4F7556}") = "00. InputAndOutput", "00.InputAndOutput\00. InputAndOutput.csproj", "{6605CEED-80F7-433A-86B9-A63DCD8A2EAB}"
EndProject
Project("{9A19103F-16F7-4668-BE54-9A1E7A4F7556}") = "01. Copy", "01.Copy\01. Copy.csproj", "{BB60EA75-BEDF-4158-9D4E-97A3E92620AE}"
EndProject
Project("{9A19103F-16F7-4668-BE54-9A1E7A4F7556}") = "02. OOP", "02.OOP\02. OOP.csproj", "{0127FC2D-3EEC-4EFE-8598-CB3D7ACF5AB8}"
EndProject
Project("{9A19103F-16F7-4668-BE54-9A1E7A4F7556}") = "03. Interface", "03. Interface\03. Interface.csproj", "{D4CEA7BE-E489-4CCA-AFD5-E299FCA733FF}"
EndProject
Project("{9A19103F-16F7-4668-BE54-9A1E7A4F7556}") = "04. Array and Generic", "04. Array and Generic\04. Array and Generic.csproj", "{39F41315-9374-4FC4-9BDC-9EAAFAA8CA10}"
EndProject
Project("{9A19103F-16F7-4668-BE54-9A1E7A4F7556}") = "05. Delegate", "05. Delegate\05. Delegate.csproj", "{8CBA18BC-ECC6-430D-B576-C66680F89EE2}"
EndProject
Project("{9A19103F-16F7-4668-BE54-9A1E7A4F7556}") = "06. Event", "06. Event\06. Event.csproj", "{3FB8EA11-A91A-4AF0-A24F-61E55DBA1AA7}"
EndProject
Project("{9A19103F-16F7-4668-BE54-9A1E7A4F7556}") = "07. Additional", "07. Additional\07. Additional.csproj", "{B9DAC806-953C-4C91-9840-598B10B12658}"
EndProject
Project("{9A19103F-16F7-4668-BE54-9A1E7A4F7556}") = "03. Stack", "03. Stack\03. Stack.csproj", "{3416A845-DC47-4468-A269-BA5940500CDB}"
EndProject
Project("{9A19103F-16F7-4668-BE54-9A1E7A4F7556}") = "04. Queue", "04. Queue\04. Queue.csproj", "{978303D0-9F8B-4F36-A16E-2413D4E99B4D}"
EndProject
Project("{9A19103F-16F7-4668-BE54-9A1E7A4F7556}") = "05. BinarySearchTree", "05. BinarySearchTree\05. BinarySearchTree.csproj", "{5C021BEB-637D-4FE9-AA13-4BEFF02C260F}"
EndProject
Project("{9A19103F-16F7-4668-BE54-9A1E7A4F7556}") = "06. Heap", "06. Heap\06. Heap.csproj", "{BD104E8B-A0C4-446A-9346-AE1BEED2D8C0}"
EndProject
Project("{9A19103F-16F7-4668-BE54-9A1E7A4F7556}") = "07. HashTable", "07. HashTable\07. HashTable.csproj", "{19CC5583-A140-4DD3-A766-2330199D1CBF}"
EndProject
Project("{FAE04EC0-301F-11D3-BF4B-00C04F79EFBC}") = "08. DesignTechnique", "08. DesignTechnique\08. DesignTechnique.csproj", "{B9E840B2-53D2-49EA-84BC-E916256ED731}"
EndProject
Global
	GlobalSection(SolutionConfigurationPlatforms) = preSolution
		Debug|Any CPU = Debug|Any CPU
		Release|Any CPU = Release|Any CPU
	EndGlobalSection
	GlobalSection(ProjectConfigurationPlatforms) = postSolution
		{9EA32FEC-3FBD-4A76-914B-702907004CBE}.Debug|Any CPU.ActiveCfg = Debug|Any CPU
		{9EA32FEC-3FBD-4A76-914B-702907004CBE}.Debug|Any CPU.Build.0 = Debug|Any CPU
		{9EA32FEC-3FBD-4A76-914B-702907004CBE}.Release|Any CPU.ActiveCfg = Release|Any CPU
		{9EA32FEC-3FBD-4A76-914B-702907004CBE}.Release|Any CPU.Build.0 = Release|Any CPU
		{4D3FB4FC-C374-4F4A-B0AD-56274440066E}.Debug|Any CPU.ActiveCfg = Debug|Any CPU
		{4D3FB4FC-C374-4F4A-B0AD-56274440066E}.Debug|Any CPU.Build.0 = Debug|Any CPU
		{4D3FB4FC-C374-4F4A-B0AD-56274440066E}.Release|Any CPU.ActiveCfg = Release|Any CPU
		{4D3FB4FC-C374-4F4A-B0AD-56274440066E}.Release|Any CPU.Build.0 = Release|Any CPU
		{E58C9FAF-4518-497B-AC3E-7ACC627A4920}.Debug|Any CPU.ActiveCfg = Debug|Any CPU
		{E58C9FAF-4518-497B-AC3E-7ACC627A4920}.Debug|Any CPU.Build.0 = Debug|Any CPU
		{E58C9FAF-4518-497B-AC3E-7ACC627A4920}.Release|Any CPU.ActiveCfg = Release|Any CPU
		{E58C9FAF-4518-497B-AC3E-7ACC627A4920}.Release|Any CPU.Build.0 = Release|Any CPU
		{9BDBE478-84DF-4931-94CE-D339A19B6DF2}.Debug|Any CPU.ActiveCfg = Debug|Any CPU
		{9BDBE478-84DF-4931-94CE-D339A19B6DF2}.Debug|Any CPU.Build.0 = Debug|Any CPU
		{9BDBE478-84DF-4931-94CE-D339A19B6DF2}.Release|Any CPU.ActiveCfg = Release|Any CPU
		{9BDBE478-84DF-4931-94CE-D339A19B6DF2}.Release|Any CPU.Build.0 = Release|Any CPU
		{6605CEED-80F7-433A-86B9-A63DCD8A2EAB}.Debug|Any CPU.ActiveCfg = Debug|Any CPU
		{6605CEED-80F7-433A-86B9-A63DCD8A2EAB}.Debug|Any CPU.Build.0 = Debug|Any CPU
		{6605CEED-80F7-433A-86B9-A63DCD8A2EAB}.Release|Any CPU.ActiveCfg = Release|Any CPU
		{6605CEED-80F7-433A-86B9-A63DCD8A2EAB}.Release|Any CPU.Build.0 = Release|Any CPU
		{BB60EA75-BEDF-4158-9D4E-97A3E92620AE}.Debug|Any CPU.ActiveCfg = Debug|Any CPU
		{BB60EA75-BEDF-4158-9D4E-97A3E92620AE}.Debug|Any CPU.Build.0 = Debug|Any CPU
		{BB60EA75-BEDF-4158-9D4E-97A3E92620AE}.Release|Any CPU.ActiveCfg = Release|Any CPU
		{BB60EA75-BEDF-4158-9D4E-97A3E92620AE}.Release|Any CPU.Build.0 = Release|Any CPU
		{0127FC2D-3EEC-4EFE-8598-CB3D7ACF5AB8}.Debug|Any CPU.ActiveCfg = Debug|Any CPU
		{0127FC2D-3EEC-4EFE-8598-CB3D7ACF5AB8}.Debug|Any CPU.Build.0 = Debug|Any CPU
		{0127FC2D-3EEC-4EFE-8598-CB3D7ACF5AB8}.Release|Any CPU.ActiveCfg = Release|Any CPU
		{0127FC2D-3EEC-4EFE-8598-CB3D7ACF5AB8}.Release|Any CPU.Build.0 = Release|Any CPU
		{D4CEA7BE-E489-4CCA-AFD5-E299FCA733FF}.Debug|Any CPU.ActiveCfg = Debug|Any CPU
		{D4CEA7BE-E489-4CCA-AFD5-E299FCA733FF}.Debug|Any CPU.Build.0 = Debug|Any CPU
		{D4CEA7BE-E489-4CCA-AFD5-E299FCA733FF}.Release|Any CPU.ActiveCfg = Release|Any CPU
		{D4CEA7BE-E489-4CCA-AFD5-E299FCA733FF}.Release|Any CPU.Build.0 = Release|Any CPU
		{39F41315-9374-4FC4-9BDC-9EAAFAA8CA10}.Debug|Any CPU.ActiveCfg = Debug|Any CPU
		{39F41315-9374-4FC4-9BDC-9EAAFAA8CA10}.Debug|Any CPU.Build.0 = Debug|Any CPU
		{39F41315-9374-4FC4-9BDC-9EAAFAA8CA10}.Release|Any CPU.ActiveCfg = Release|Any CPU
		{39F41315-9374-4FC4-9BDC-9EAAFAA8CA10}.Release|Any CPU.Build.0 = Release|Any CPU
		{8CBA18BC-ECC6-430D-B576-C66680F89EE2}.Debug|Any CPU.ActiveCfg = Debug|Any CPU
		{8CBA18BC-ECC6-430D-B576-C66680F89EE2}.Debug|Any CPU.Build.0 = Debug|Any CPU
		{8CBA18BC-ECC6-430D-B576-C66680F89EE2}.Release|Any CPU.ActiveCfg = Release|Any CPU
		{8CBA18BC-ECC6-430D-B576-C66680F89EE2}.Release|Any CPU.Build.0 = Release|Any CPU
		{3FB8EA11-A91A-4AF0-A24F-61E55DBA1AA7}.Debug|Any CPU.ActiveCfg = Debug|Any CPU
		{3FB8EA11-A91A-4AF0-A24F-61E55DBA1AA7}.Debug|Any CPU.Build.0 = Debug|Any CPU
		{3FB8EA11-A91A-4AF0-A24F-61E55DBA1AA7}.Release|Any CPU.ActiveCfg = Release|Any CPU
		{3FB8EA11-A91A-4AF0-A24F-61E55DBA1AA7}.Release|Any CPU.Build.0 = Release|Any CPU
		{B9DAC806-953C-4C91-9840-598B10B12658}.Debug|Any CPU.ActiveCfg = Debug|Any CPU
		{B9DAC806-953C-4C91-9840-598B10B12658}.Debug|Any CPU.Build.0 = Debug|Any CPU
		{B9DAC806-953C-4C91-9840-598B10B12658}.Release|Any CPU.ActiveCfg = Release|Any CPU
		{B9DAC806-953C-4C91-9840-598B10B12658}.Release|Any CPU.Build.0 = Release|Any CPU
		{3416A845-DC47-4468-A269-BA5940500CDB}.Debug|Any CPU.ActiveCfg = Debug|Any CPU
		{3416A845-DC47-4468-A269-BA5940500CDB}.Debug|Any CPU.Build.0 = Debug|Any CPU
		{3416A845-DC47-4468-A269-BA5940500CDB}.Release|Any CPU.ActiveCfg = Release|Any CPU
		{3416A845-DC47-4468-A269-BA5940500CDB}.Release|Any CPU.Build.0 = Release|Any CPU
		{978303D0-9F8B-4F36-A16E-2413D4E99B4D}.Debug|Any CPU.ActiveCfg = Debug|Any CPU
		{978303D0-9F8B-4F36-A16E-2413D4E99B4D}.Debug|Any CPU.Build.0 = Debug|Any CPU
		{978303D0-9F8B-4F36-A16E-2413D4E99B4D}.Release|Any CPU.ActiveCfg = Release|Any CPU
		{978303D0-9F8B-4F36-A16E-2413D4E99B4D}.Release|Any CPU.Build.0 = Release|Any CPU
		{5C021BEB-637D-4FE9-AA13-4BEFF02C260F}.Debug|Any CPU.ActiveCfg = Debug|Any CPU
		{5C021BEB-637D-4FE9-AA13-4BEFF02C260F}.Debug|Any CPU.Build.0 = Debug|Any CPU
		{5C021BEB-637D-4FE9-AA13-4BEFF02C260F}.Release|Any CPU.ActiveCfg = Release|Any CPU
		{5C021BEB-637D-4FE9-AA13-4BEFF02C260F}.Release|Any CPU.Build.0 = Release|Any CPU
		{BD104E8B-A0C4-446A-9346-AE1BEED2D8C0}.Debug|Any CPU.ActiveCfg = Debug|Any CPU
		{BD104E8B-A0C4-446A-9346-AE1BEED2D8C0}.Debug|Any CPU.Build.0 = Debug|Any CPU
		{BD104E8B-A0C4-446A-9346-AE1BEED2D8C0}.Release|Any CPU.ActiveCfg = Release|Any CPU
		{BD104E8B-A0C4-446A-9346-AE1BEED2D8C0}.Release|Any CPU.Build.0 = Release|Any CPU
		{19CC5583-A140-4DD3-A766-2330199D1CBF}.Debug|Any CPU.ActiveCfg = Debug|Any CPU
		{19CC5583-A140-4DD3-A766-2330199D1CBF}.Debug|Any CPU.Build.0 = Debug|Any CPU
		{19CC5583-A140-4DD3-A766-2330199D1CBF}.Release|Any CPU.ActiveCfg = Release|Any CPU
		{19CC5583-A140-4DD3-A766-2330199D1CBF}.Release|Any CPU.Build.0 = Release|Any CPU
		{B9E840B2-53D2-49EA-84BC-E916256ED731}.Debug|Any CPU.ActiveCfg = Debug|Any CPU
		{B9E840B2-53D2-49EA-84BC-E916256ED731}.Debug|Any CPU.Build.0 = Debug|Any CPU
		{B9E840B2-53D2-49EA-84BC-E916256ED731}.Release|Any CPU.ActiveCfg = Release|Any CPU
		{B9E840B2-53D2-49EA-84BC-E916256ED731}.Release|Any CPU.Build.0 = Release|Any CPU
	EndGlobalSection
	GlobalSection(SolutionProperties) = preSolution
		HideSolutionNode = FALSE
	EndGlobalSection
	GlobalSection(NestedProjects) = preSolution
		{4D3FB4FC-C374-4F4A-B0AD-56274440066E} = {D4DC0A67-19C4-4DB2-BB8D-60C81D6945B0}
		{E58C9FAF-4518-497B-AC3E-7ACC627A4920} = {D4DC0A67-19C4-4DB2-BB8D-60C81D6945B0}
		{9BDBE478-84DF-4931-94CE-D339A19B6DF2} = {D4DC0A67-19C4-4DB2-BB8D-60C81D6945B0}
		{6605CEED-80F7-433A-86B9-A63DCD8A2EAB} = {04346432-7B92-4D09-BB05-18B47075D828}
		{BB60EA75-BEDF-4158-9D4E-97A3E92620AE} = {04346432-7B92-4D09-BB05-18B47075D828}
		{0127FC2D-3EEC-4EFE-8598-CB3D7ACF5AB8} = {04346432-7B92-4D09-BB05-18B47075D828}
		{D4CEA7BE-E489-4CCA-AFD5-E299FCA733FF} = {04346432-7B92-4D09-BB05-18B47075D828}
		{39F41315-9374-4FC4-9BDC-9EAAFAA8CA10} = {04346432-7B92-4D09-BB05-18B47075D828}
		{8CBA18BC-ECC6-430D-B576-C66680F89EE2} = {04346432-7B92-4D09-BB05-18B47075D828}
		{3FB8EA11-A91A-4AF0-A24F-61E55DBA1AA7} = {04346432-7B92-4D09-BB05-18B47075D828}
		{B9DAC806-953C-4C91-9840-598B10B12658} = {04346432-7B92-4D09-BB05-18B47075D828}
		{3416A845-DC47-4468-A269-BA5940500CDB} = {D4DC0A67-19C4-4DB2-BB8D-60C81D6945B0}
		{978303D0-9F8B-4F36-A16E-2413D4E99B4D} = {D4DC0A67-19C4-4DB2-BB8D-60C81D6945B0}
		{5C021BEB-637D-4FE9-AA13-4BEFF02C260F} = {D4DC0A67-19C4-4DB2-BB8D-60C81D6945B0}
		{BD104E8B-A0C4-446A-9346-AE1BEED2D8C0} = {D4DC0A67-19C4-4DB2-BB8D-60C81D6945B0}
		{19CC5583-A140-4DD3-A766-2330199D1CBF} = {D4DC0A67-19C4-4DB2-BB8D-60C81D6945B0}
		{B9E840B2-53D2-49EA-84BC-E916256ED731} = {D4DC0A67-19C4-4DB2-BB8D-60C81D6945B0}
	EndGlobalSection
	GlobalSection(ExtensibilityGlobals) = postSolution
		SolutionGuid = {42B95C54-9CD8-4358-95E7-067FCCE10796}
	EndGlobalSection
EndGlobal
